// !$*UTF8*$!
{
	archiveVersion = 1;
	classes = {
	};
	objectVersion = 56;
	objects = {

/* Begin PBXBuildFile section */
		A9178D542AFEB72C58E177AA /* Pods_UTubeTests.framework in Frameworks */ = {isa = PBXBuildFile; fileRef = 67693A1D59F44DE74A57AFC0 /* Pods_UTubeTests.framework */; };
		B435991A2A4776A300FF155E /* NetworkConstantsTemplate.swift in Sources */ = {isa = PBXBuildFile; fileRef = B43599192A4776A300FF155E /* NetworkConstantsTemplate.swift */; };
		B435991C2A477BDF00FF155E /* Video.swift in Sources */ = {isa = PBXBuildFile; fileRef = B435991B2A477BDF00FF155E /* Video.swift */; };
		B435991E2A477DB800FF155E /* Router.swift in Sources */ = {isa = PBXBuildFile; fileRef = B435991D2A477DB800FF155E /* Router.swift */; };
		B43599202A47807800FF155E /* Model.swift in Sources */ = {isa = PBXBuildFile; fileRef = B435991F2A47807800FF155E /* Model.swift */; };
		B43599222A48532700FF155E /* NetworkConstants.swift in Sources */ = {isa = PBXBuildFile; fileRef = B43599212A48532700FF155E /* NetworkConstants.swift */; };
		B43599242A492D3F00FF155E /* Response.swift in Sources */ = {isa = PBXBuildFile; fileRef = B43599232A492D3F00FF155E /* Response.swift */; };
		B43CD0F92A4A828D00BA4E2C /* VideoTableViewCell.swift in Sources */ = {isa = PBXBuildFile; fileRef = B43CD0F72A4A828D00BA4E2C /* VideoTableViewCell.swift */; };
		B43CD0FA2A4A828D00BA4E2C /* VideoTableViewCell.xib in Resources */ = {isa = PBXBuildFile; fileRef = B43CD0F82A4A828D00BA4E2C /* VideoTableViewCell.xib */; };
		B43CD1002A4AA49300BA4E2C /* Channel.swift in Sources */ = {isa = PBXBuildFile; fileRef = B43CD0FF2A4AA49300BA4E2C /* Channel.swift */; };
		B45F9C342A4AC0EC005ACE95 /* CacheManager.swift in Sources */ = {isa = PBXBuildFile; fileRef = B45F9C332A4AC0EC005ACE95 /* CacheManager.swift */; };
		B45F9C362A4AC6B7005ACE95 /* DetailViewController.swift in Sources */ = {isa = PBXBuildFile; fileRef = B45F9C352A4AC6B7005ACE95 /* DetailViewController.swift */; };
		B46D03092A445201006BBFA1 /* AppDelegate.swift in Sources */ = {isa = PBXBuildFile; fileRef = B46D03082A445201006BBFA1 /* AppDelegate.swift */; };
		B46D030B2A445201006BBFA1 /* SceneDelegate.swift in Sources */ = {isa = PBXBuildFile; fileRef = B46D030A2A445201006BBFA1 /* SceneDelegate.swift */; };
		B46D030D2A445201006BBFA1 /* ViewController.swift in Sources */ = {isa = PBXBuildFile; fileRef = B46D030C2A445201006BBFA1 /* ViewController.swift */; };
		B46D03102A445201006BBFA1 /* Main.storyboard in Resources */ = {isa = PBXBuildFile; fileRef = B46D030E2A445201006BBFA1 /* Main.storyboard */; };
		B46D03132A445201006BBFA1 /* UTube.xcdatamodeld in Sources */ = {isa = PBXBuildFile; fileRef = B46D03112A445201006BBFA1 /* UTube.xcdatamodeld */; };
		B46D03152A445203006BBFA1 /* Assets.xcassets in Resources */ = {isa = PBXBuildFile; fileRef = B46D03142A445203006BBFA1 /* Assets.xcassets */; };
		B46D03182A445203006BBFA1 /* LaunchScreen.storyboard in Resources */ = {isa = PBXBuildFile; fileRef = B46D03162A445203006BBFA1 /* LaunchScreen.storyboard */; };
		B46D03232A445203006BBFA1 /* UTubeTests.swift in Sources */ = {isa = PBXBuildFile; fileRef = B46D03222A445203006BBFA1 /* UTubeTests.swift */; };
		B46D032D2A445203006BBFA1 /* UTubeUITests.swift in Sources */ = {isa = PBXBuildFile; fileRef = B46D032C2A445203006BBFA1 /* UTubeUITests.swift */; };
		B46D032F2A445203006BBFA1 /* UTubeUITestsLaunchTests.swift in Sources */ = {isa = PBXBuildFile; fileRef = B46D032E2A445203006BBFA1 /* UTubeUITestsLaunchTests.swift */; };
		B4A7068C2A4D1C30003669AC /* DateFormatter.swift in Sources */ = {isa = PBXBuildFile; fileRef = B4A7068B2A4D1C30003669AC /* DateFormatter.swift */; };
		FED1886CE7335F97C9AEAFE9 /* Pods_UTube_UTubeUITests.framework in Frameworks */ = {isa = PBXBuildFile; fileRef = 8AB24FCCE1BE476B52FB3B75 /* Pods_UTube_UTubeUITests.framework */; };
/* End PBXBuildFile section */

/* Begin PBXContainerItemProxy section */
		B46D031F2A445203006BBFA1 /* PBXContainerItemProxy */ = {
			isa = PBXContainerItemProxy;
			containerPortal = B46D02FD2A445201006BBFA1 /* Project object */;
			proxyType = 1;
			remoteGlobalIDString = B46D03042A445201006BBFA1;
			remoteInfo = UTube;
		};
		B46D03292A445203006BBFA1 /* PBXContainerItemProxy */ = {
			isa = PBXContainerItemProxy;
			containerPortal = B46D02FD2A445201006BBFA1 /* Project object */;
			proxyType = 1;
			remoteGlobalIDString = B46D03042A445201006BBFA1;
			remoteInfo = UTube;
		};
/* End PBXContainerItemProxy section */

/* Begin PBXFileReference section */
		59C8D0DA72BB2D563F8934AC /* Pods_UTube.framework */ = {isa = PBXFileReference; explicitFileType = wrapper.framework; includeInIndex = 0; path = Pods_UTube.framework; sourceTree = BUILT_PRODUCTS_DIR; };
		65DC935406339ABBDFF3FDEC /* Pods-UTubeTests.debug.xcconfig */ = {isa = PBXFileReference; includeInIndex = 1; lastKnownFileType = text.xcconfig; name = "Pods-UTubeTests.debug.xcconfig"; path = "Target Support Files/Pods-UTubeTests/Pods-UTubeTests.debug.xcconfig"; sourceTree = "<group>"; };
		67693A1D59F44DE74A57AFC0 /* Pods_UTubeTests.framework */ = {isa = PBXFileReference; explicitFileType = wrapper.framework; includeInIndex = 0; path = Pods_UTubeTests.framework; sourceTree = BUILT_PRODUCTS_DIR; };
		8AB24FCCE1BE476B52FB3B75 /* Pods_UTube_UTubeUITests.framework */ = {isa = PBXFileReference; explicitFileType = wrapper.framework; includeInIndex = 0; path = Pods_UTube_UTubeUITests.framework; sourceTree = BUILT_PRODUCTS_DIR; };
		AB187259A9153EE67B7A9534 /* Pods-UTube-UTubeUITests.debug.xcconfig */ = {isa = PBXFileReference; includeInIndex = 1; lastKnownFileType = text.xcconfig; name = "Pods-UTube-UTubeUITests.debug.xcconfig"; path = "Target Support Files/Pods-UTube-UTubeUITests/Pods-UTube-UTubeUITests.debug.xcconfig"; sourceTree = "<group>"; };
		B43599192A4776A300FF155E /* NetworkConstantsTemplate.swift */ = {isa = PBXFileReference; lastKnownFileType = sourcecode.swift; path = NetworkConstantsTemplate.swift; sourceTree = "<group>"; };
		B435991B2A477BDF00FF155E /* Video.swift */ = {isa = PBXFileReference; lastKnownFileType = sourcecode.swift; path = Video.swift; sourceTree = "<group>"; };
		B435991D2A477DB800FF155E /* Router.swift */ = {isa = PBXFileReference; lastKnownFileType = sourcecode.swift; path = Router.swift; sourceTree = "<group>"; };
		B435991F2A47807800FF155E /* Model.swift */ = {isa = PBXFileReference; lastKnownFileType = sourcecode.swift; path = Model.swift; sourceTree = "<group>"; };
		B43599212A48532700FF155E /* NetworkConstants.swift */ = {isa = PBXFileReference; lastKnownFileType = sourcecode.swift; path = NetworkConstants.swift; sourceTree = "<group>"; };
		B43599232A492D3F00FF155E /* Response.swift */ = {isa = PBXFileReference; lastKnownFileType = sourcecode.swift; path = Response.swift; sourceTree = "<group>"; };
		B43CD0F72A4A828D00BA4E2C /* VideoTableViewCell.swift */ = {isa = PBXFileReference; lastKnownFileType = sourcecode.swift; path = VideoTableViewCell.swift; sourceTree = "<group>"; };
		B43CD0F82A4A828D00BA4E2C /* VideoTableViewCell.xib */ = {isa = PBXFileReference; lastKnownFileType = file.xib; path = VideoTableViewCell.xib; sourceTree = "<group>"; };
		B43CD0FF2A4AA49300BA4E2C /* Channel.swift */ = {isa = PBXFileReference; lastKnownFileType = sourcecode.swift; path = Channel.swift; sourceTree = "<group>"; };
		B45F9C332A4AC0EC005ACE95 /* CacheManager.swift */ = {isa = PBXFileReference; lastKnownFileType = sourcecode.swift; path = CacheManager.swift; sourceTree = "<group>"; };
		B45F9C352A4AC6B7005ACE95 /* DetailViewController.swift */ = {isa = PBXFileReference; lastKnownFileType = sourcecode.swift; path = DetailViewController.swift; sourceTree = "<group>"; };
		B46D03052A445201006BBFA1 /* UTube.app */ = {isa = PBXFileReference; explicitFileType = wrapper.application; includeInIndex = 0; path = UTube.app; sourceTree = BUILT_PRODUCTS_DIR; };
		B46D03082A445201006BBFA1 /* AppDelegate.swift */ = {isa = PBXFileReference; lastKnownFileType = sourcecode.swift; path = AppDelegate.swift; sourceTree = "<group>"; };
		B46D030A2A445201006BBFA1 /* SceneDelegate.swift */ = {isa = PBXFileReference; lastKnownFileType = sourcecode.swift; path = SceneDelegate.swift; sourceTree = "<group>"; };
		B46D030C2A445201006BBFA1 /* ViewController.swift */ = {isa = PBXFileReference; lastKnownFileType = sourcecode.swift; path = ViewController.swift; sourceTree = "<group>"; };
		B46D030F2A445201006BBFA1 /* Base */ = {isa = PBXFileReference; lastKnownFileType = file.storyboard; name = Base; path = Base.lproj/Main.storyboard; sourceTree = "<group>"; };
		B46D03122A445201006BBFA1 /* UTube.xcdatamodel */ = {isa = PBXFileReference; lastKnownFileType = wrapper.xcdatamodel; path = UTube.xcdatamodel; sourceTree = "<group>"; };
		B46D03142A445203006BBFA1 /* Assets.xcassets */ = {isa = PBXFileReference; lastKnownFileType = folder.assetcatalog; path = Assets.xcassets; sourceTree = "<group>"; };
		B46D03172A445203006BBFA1 /* Base */ = {isa = PBXFileReference; lastKnownFileType = file.storyboard; name = Base; path = Base.lproj/LaunchScreen.storyboard; sourceTree = "<group>"; };
		B46D03192A445203006BBFA1 /* Info.plist */ = {isa = PBXFileReference; lastKnownFileType = text.plist.xml; path = Info.plist; sourceTree = "<group>"; };
		B46D031E2A445203006BBFA1 /* UTubeTests.xctest */ = {isa = PBXFileReference; explicitFileType = wrapper.cfbundle; includeInIndex = 0; path = UTubeTests.xctest; sourceTree = BUILT_PRODUCTS_DIR; };
		B46D03222A445203006BBFA1 /* UTubeTests.swift */ = {isa = PBXFileReference; lastKnownFileType = sourcecode.swift; path = UTubeTests.swift; sourceTree = "<group>"; };
		B46D03282A445203006BBFA1 /* UTubeUITests.xctest */ = {isa = PBXFileReference; explicitFileType = wrapper.cfbundle; includeInIndex = 0; path = UTubeUITests.xctest; sourceTree = BUILT_PRODUCTS_DIR; };
		B46D032C2A445203006BBFA1 /* UTubeUITests.swift */ = {isa = PBXFileReference; lastKnownFileType = sourcecode.swift; path = UTubeUITests.swift; sourceTree = "<group>"; };
		B46D032E2A445203006BBFA1 /* UTubeUITestsLaunchTests.swift */ = {isa = PBXFileReference; lastKnownFileType = sourcecode.swift; path = UTubeUITestsLaunchTests.swift; sourceTree = "<group>"; };
		B4A7068B2A4D1C30003669AC /* DateFormatter.swift */ = {isa = PBXFileReference; lastKnownFileType = sourcecode.swift; path = DateFormatter.swift; sourceTree = "<group>"; };
		C24F9763952A7F7EC3A298EC /* Pods-UTube.debug.xcconfig */ = {isa = PBXFileReference; includeInIndex = 1; lastKnownFileType = text.xcconfig; name = "Pods-UTube.debug.xcconfig"; path = "Target Support Files/Pods-UTube/Pods-UTube.debug.xcconfig"; sourceTree = "<group>"; };
		CC74A10B286DE61461809230 /* Pods-UTubeTests.release.xcconfig */ = {isa = PBXFileReference; includeInIndex = 1; lastKnownFileType = text.xcconfig; name = "Pods-UTubeTests.release.xcconfig"; path = "Target Support Files/Pods-UTubeTests/Pods-UTubeTests.release.xcconfig"; sourceTree = "<group>"; };
		F70FD23E15CBFD8DD0C5B028 /* Pods-UTube-UTubeUITests.release.xcconfig */ = {isa = PBXFileReference; includeInIndex = 1; lastKnownFileType = text.xcconfig; name = "Pods-UTube-UTubeUITests.release.xcconfig"; path = "Target Support Files/Pods-UTube-UTubeUITests/Pods-UTube-UTubeUITests.release.xcconfig"; sourceTree = "<group>"; };
		FFD7958F0DD8ADA1A4DFA7E4 /* Pods-UTube.release.xcconfig */ = {isa = PBXFileReference; includeInIndex = 1; lastKnownFileType = text.xcconfig; name = "Pods-UTube.release.xcconfig"; path = "Target Support Files/Pods-UTube/Pods-UTube.release.xcconfig"; sourceTree = "<group>"; };
/* End PBXFileReference section */

/* Begin PBXFrameworksBuildPhase section */
		B46D03022A445201006BBFA1 /* Frameworks */ = {
			isa = PBXFrameworksBuildPhase;
			buildActionMask = 2147483647;
			files = (
			);
			runOnlyForDeploymentPostprocessing = 0;
		};
		B46D031B2A445203006BBFA1 /* Frameworks */ = {
			isa = PBXFrameworksBuildPhase;
			buildActionMask = 2147483647;
			files = (
				A9178D542AFEB72C58E177AA /* Pods_UTubeTests.framework in Frameworks */,
			);
			runOnlyForDeploymentPostprocessing = 0;
		};
		B46D03252A445203006BBFA1 /* Frameworks */ = {
			isa = PBXFrameworksBuildPhase;
			buildActionMask = 2147483647;
			files = (
				FED1886CE7335F97C9AEAFE9 /* Pods_UTube_UTubeUITests.framework in Frameworks */,
			);
			runOnlyForDeploymentPostprocessing = 0;
		};
/* End PBXFrameworksBuildPhase section */

/* Begin PBXGroup section */
		2856EF823050A7C258A35F3C /* Pods */ = {
			isa = PBXGroup;
			children = (
				C24F9763952A7F7EC3A298EC /* Pods-UTube.debug.xcconfig */,
				FFD7958F0DD8ADA1A4DFA7E4 /* Pods-UTube.release.xcconfig */,
				AB187259A9153EE67B7A9534 /* Pods-UTube-UTubeUITests.debug.xcconfig */,
				F70FD23E15CBFD8DD0C5B028 /* Pods-UTube-UTubeUITests.release.xcconfig */,
				65DC935406339ABBDFF3FDEC /* Pods-UTubeTests.debug.xcconfig */,
				CC74A10B286DE61461809230 /* Pods-UTubeTests.release.xcconfig */,
			);
			path = Pods;
			sourceTree = "<group>";
		};
		5EA231EFFBE1A526E6892CE8 /* Frameworks */ = {
			isa = PBXGroup;
			children = (
				59C8D0DA72BB2D563F8934AC /* Pods_UTube.framework */,
				8AB24FCCE1BE476B52FB3B75 /* Pods_UTube_UTubeUITests.framework */,
				67693A1D59F44DE74A57AFC0 /* Pods_UTubeTests.framework */,
			);
			name = Frameworks;
			sourceTree = "<group>";
		};
		B43599132A4775DB00FF155E /* Screens */ = {
			isa = PBXGroup;
			children = (
				B45F9C352A4AC6B7005ACE95 /* DetailViewController.swift */,
				B43599392A4A821A00FF155E /* Videos */,
			);
			path = Screens;
			sourceTree = "<group>";
		};
		B43599142A4775EC00FF155E /* Repositories */ = {
			isa = PBXGroup;
			children = (
			);
			path = Repositories;
			sourceTree = "<group>";
		};
		B43599152A4775FA00FF155E /* Network */ = {
			isa = PBXGroup;
			children = (
				B435991B2A477BDF00FF155E /* Video.swift */,
				B43CD0FF2A4AA49300BA4E2C /* Channel.swift */,
				B435991D2A477DB800FF155E /* Router.swift */,
				B435991F2A47807800FF155E /* Model.swift */,
				B43599232A492D3F00FF155E /* Response.swift */,
			);
			path = Network;
			sourceTree = "<group>";
		};
		B43599162A47765A00FF155E /* Utils */ = {
			isa = PBXGroup;
			children = (
			);
			path = Utils;
			sourceTree = "<group>";
		};
		B43599182A47767800FF155E /* NetworkConstants */ = {
			isa = PBXGroup;
			children = (
				B43599212A48532700FF155E /* NetworkConstants.swift */,
				B43599192A4776A300FF155E /* NetworkConstantsTemplate.swift */,
			);
			path = NetworkConstants;
			sourceTree = "<group>";
		};
		B43599392A4A821A00FF155E /* Videos */ = {
			isa = PBXGroup;
			children = (
				B43CD0F72A4A828D00BA4E2C /* VideoTableViewCell.swift */,
				B43CD0F82A4A828D00BA4E2C /* VideoTableViewCell.xib */,
			);
			path = Videos;
			sourceTree = "<group>";
		};
		B45F9C322A4AC0D6005ACE95 /* Helper */ = {
			isa = PBXGroup;
			children = (
				B45F9C332A4AC0EC005ACE95 /* CacheManager.swift */,
				B43599182A47767800FF155E /* NetworkConstants */,
				B4A7068B2A4D1C30003669AC /* DateFormatter.swift */,
			);
			path = Helper;
			sourceTree = "<group>";
		};
		B46D02FC2A445201006BBFA1 = {
			isa = PBXGroup;
			children = (
				B46D03072A445201006BBFA1 /* UTube */,
				B46D03212A445203006BBFA1 /* UTubeTests */,
				B46D032B2A445203006BBFA1 /* UTubeUITests */,
				B46D03062A445201006BBFA1 /* Products */,
				2856EF823050A7C258A35F3C /* Pods */,
				5EA231EFFBE1A526E6892CE8 /* Frameworks */,
			);
			sourceTree = "<group>";
		};
		B46D03062A445201006BBFA1 /* Products */ = {
			isa = PBXGroup;
			children = (
				B46D03052A445201006BBFA1 /* UTube.app */,
				B46D031E2A445203006BBFA1 /* UTubeTests.xctest */,
				B46D03282A445203006BBFA1 /* UTubeUITests.xctest */,
			);
			name = Products;
			sourceTree = "<group>";
		};
		B46D03072A445201006BBFA1 /* UTube */ = {
			isa = PBXGroup;
			children = (
				B46D03082A445201006BBFA1 /* AppDelegate.swift */,
				B46D030A2A445201006BBFA1 /* SceneDelegate.swift */,
				B45F9C322A4AC0D6005ACE95 /* Helper */,
				B43599162A47765A00FF155E /* Utils */,
				B43599152A4775FA00FF155E /* Network */,
				B43599142A4775EC00FF155E /* Repositories */,
				B43599132A4775DB00FF155E /* Screens */,
				B46D030C2A445201006BBFA1 /* ViewController.swift */,
				B46D030E2A445201006BBFA1 /* Main.storyboard */,
				B46D03142A445203006BBFA1 /* Assets.xcassets */,
				B46D03162A445203006BBFA1 /* LaunchScreen.storyboard */,
				B46D03192A445203006BBFA1 /* Info.plist */,
				B46D03112A445201006BBFA1 /* UTube.xcdatamodeld */,
			);
			path = UTube;
			sourceTree = "<group>";
		};
		B46D03212A445203006BBFA1 /* UTubeTests */ = {
			isa = PBXGroup;
			children = (
				B46D03222A445203006BBFA1 /* UTubeTests.swift */,
			);
			path = UTubeTests;
			sourceTree = "<group>";
		};
		B46D032B2A445203006BBFA1 /* UTubeUITests */ = {
			isa = PBXGroup;
			children = (
				B46D032C2A445203006BBFA1 /* UTubeUITests.swift */,
				B46D032E2A445203006BBFA1 /* UTubeUITestsLaunchTests.swift */,
			);
			path = UTubeUITests;
			sourceTree = "<group>";
		};
/* End PBXGroup section */

/* Begin PBXNativeTarget section */
		B46D03042A445201006BBFA1 /* UTube */ = {
			isa = PBXNativeTarget;
			buildConfigurationList = B46D03322A445203006BBFA1 /* Build configuration list for PBXNativeTarget "UTube" */;
			buildPhases = (
				0BDC6FD89AC5B59DB6CBCF04 /* [CP] Check Pods Manifest.lock */,
				B46D03012A445201006BBFA1 /* Sources */,
				B46D03022A445201006BBFA1 /* Frameworks */,
				B46D03032A445201006BBFA1 /* Resources */,
				3DC7B9767EDCCF2353EE070C /* [CP] Embed Pods Frameworks */,
			);
			buildRules = (
			);
			dependencies = (
			);
			name = UTube;
			packageProductDependencies = (
			);
			productName = UTube;
			productReference = B46D03052A445201006BBFA1 /* UTube.app */;
			productType = "com.apple.product-type.application";
		};
		B46D031D2A445203006BBFA1 /* UTubeTests */ = {
			isa = PBXNativeTarget;
			buildConfigurationList = B46D03352A445203006BBFA1 /* Build configuration list for PBXNativeTarget "UTubeTests" */;
			buildPhases = (
				F9F05947BA2064209618A68A /* [CP] Check Pods Manifest.lock */,
				B46D031A2A445203006BBFA1 /* Sources */,
				B46D031B2A445203006BBFA1 /* Frameworks */,
				B46D031C2A445203006BBFA1 /* Resources */,
			);
			buildRules = (
			);
			dependencies = (
				B46D03202A445203006BBFA1 /* PBXTargetDependency */,
			);
			name = UTubeTests;
			productName = UTubeTests;
			productReference = B46D031E2A445203006BBFA1 /* UTubeTests.xctest */;
			productType = "com.apple.product-type.bundle.unit-test";
		};
		B46D03272A445203006BBFA1 /* UTubeUITests */ = {
			isa = PBXNativeTarget;
			buildConfigurationList = B46D03382A445203006BBFA1 /* Build configuration list for PBXNativeTarget "UTubeUITests" */;
			buildPhases = (
				A1C0C0D1D006DF04C95726CD /* [CP] Check Pods Manifest.lock */,
				B46D03242A445203006BBFA1 /* Sources */,
				B46D03252A445203006BBFA1 /* Frameworks */,
				B46D03262A445203006BBFA1 /* Resources */,
				C999268556C5F7DD256F17CE /* [CP] Embed Pods Frameworks */,
			);
			buildRules = (
			);
			dependencies = (
				B46D032A2A445203006BBFA1 /* PBXTargetDependency */,
			);
			name = UTubeUITests;
			productName = UTubeUITests;
			productReference = B46D03282A445203006BBFA1 /* UTubeUITests.xctest */;
			productType = "com.apple.product-type.bundle.ui-testing";
		};
/* End PBXNativeTarget section */

/* Begin PBXProject section */
		B46D02FD2A445201006BBFA1 /* Project object */ = {
			isa = PBXProject;
			attributes = {
				BuildIndependentTargetsInParallel = 1;
				LastSwiftUpdateCheck = 1410;
				LastUpgradeCheck = 1410;
				TargetAttributes = {
					B46D03042A445201006BBFA1 = {
						CreatedOnToolsVersion = 14.1;
					};
					B46D031D2A445203006BBFA1 = {
						CreatedOnToolsVersion = 14.1;
						TestTargetID = B46D03042A445201006BBFA1;
					};
					B46D03272A445203006BBFA1 = {
						CreatedOnToolsVersion = 14.1;
						TestTargetID = B46D03042A445201006BBFA1;
					};
				};
			};
			buildConfigurationList = B46D03002A445201006BBFA1 /* Build configuration list for PBXProject "UTube" */;
			compatibilityVersion = "Xcode 14.0";
			developmentRegion = en;
			hasScannedForEncodings = 0;
			knownRegions = (
				en,
				Base,
			);
			mainGroup = B46D02FC2A445201006BBFA1;
			packageReferences = (
			);
			productRefGroup = B46D03062A445201006BBFA1 /* Products */;
			projectDirPath = "";
			projectRoot = "";
			targets = (
				B46D03042A445201006BBFA1 /* UTube */,
				B46D031D2A445203006BBFA1 /* UTubeTests */,
				B46D03272A445203006BBFA1 /* UTubeUITests */,
			);
		};
/* End PBXProject section */

/* Begin PBXResourcesBuildPhase section */
		B46D03032A445201006BBFA1 /* Resources */ = {
			isa = PBXResourcesBuildPhase;
			buildActionMask = 2147483647;
			files = (
				B46D03182A445203006BBFA1 /* LaunchScreen.storyboard in Resources */,
				B43CD0FA2A4A828D00BA4E2C /* VideoTableViewCell.xib in Resources */,
				B46D03152A445203006BBFA1 /* Assets.xcassets in Resources */,
				B46D03102A445201006BBFA1 /* Main.storyboard in Resources */,
			);
			runOnlyForDeploymentPostprocessing = 0;
		};
		B46D031C2A445203006BBFA1 /* Resources */ = {
			isa = PBXResourcesBuildPhase;
			buildActionMask = 2147483647;
			files = (
			);
			runOnlyForDeploymentPostprocessing = 0;
		};
		B46D03262A445203006BBFA1 /* Resources */ = {
			isa = PBXResourcesBuildPhase;
			buildActionMask = 2147483647;
			files = (
			);
			runOnlyForDeploymentPostprocessing = 0;
		};
/* End PBXResourcesBuildPhase section */

/* Begin PBXShellScriptBuildPhase section */
		0BDC6FD89AC5B59DB6CBCF04 /* [CP] Check Pods Manifest.lock */ = {
			isa = PBXShellScriptBuildPhase;
			buildActionMask = 2147483647;
			files = (
			);
			inputFileListPaths = (
			);
			inputPaths = (
				"${PODS_PODFILE_DIR_PATH}/Podfile.lock",
				"${PODS_ROOT}/Manifest.lock",
			);
			name = "[CP] Check Pods Manifest.lock";
			outputFileListPaths = (
			);
			outputPaths = (
				"$(DERIVED_FILE_DIR)/Pods-UTube-checkManifestLockResult.txt",
			);
			runOnlyForDeploymentPostprocessing = 0;
			shellPath = /bin/sh;
			shellScript = "diff \"${PODS_PODFILE_DIR_PATH}/Podfile.lock\" \"${PODS_ROOT}/Manifest.lock\" > /dev/null\nif [ $? != 0 ] ; then\n    # print error to STDERR\n    echo \"error: The sandbox is not in sync with the Podfile.lock. Run 'pod install' or update your CocoaPods installation.\" >&2\n    exit 1\nfi\n# This output is used by Xcode 'outputs' to avoid re-running this script phase.\necho \"SUCCESS\" > \"${SCRIPT_OUTPUT_FILE_0}\"\n";
			showEnvVarsInLog = 0;
		};
		3DC7B9767EDCCF2353EE070C /* [CP] Embed Pods Frameworks */ = {
			isa = PBXShellScriptBuildPhase;
			buildActionMask = 2147483647;
			files = (
			);
			inputFileListPaths = (
				"${PODS_ROOT}/Target Support Files/Pods-UTube/Pods-UTube-frameworks-${CONFIGURATION}-input-files.xcfilelist",
			);
			name = "[CP] Embed Pods Frameworks";
			outputFileListPaths = (
				"${PODS_ROOT}/Target Support Files/Pods-UTube/Pods-UTube-frameworks-${CONFIGURATION}-output-files.xcfilelist",
			);
			runOnlyForDeploymentPostprocessing = 0;
			shellPath = /bin/sh;
			shellScript = "\"${PODS_ROOT}/Target Support Files/Pods-UTube/Pods-UTube-frameworks.sh\"\n";
			showEnvVarsInLog = 0;
		};
		A1C0C0D1D006DF04C95726CD /* [CP] Check Pods Manifest.lock */ = {
			isa = PBXShellScriptBuildPhase;
			buildActionMask = 2147483647;
			files = (
			);
			inputFileListPaths = (
			);
			inputPaths = (
				"${PODS_PODFILE_DIR_PATH}/Podfile.lock",
				"${PODS_ROOT}/Manifest.lock",
			);
			name = "[CP] Check Pods Manifest.lock";
			outputFileListPaths = (
			);
			outputPaths = (
				"$(DERIVED_FILE_DIR)/Pods-UTube-UTubeUITests-checkManifestLockResult.txt",
			);
			runOnlyForDeploymentPostprocessing = 0;
			shellPath = /bin/sh;
			shellScript = "diff \"${PODS_PODFILE_DIR_PATH}/Podfile.lock\" \"${PODS_ROOT}/Manifest.lock\" > /dev/null\nif [ $? != 0 ] ; then\n    # print error to STDERR\n    echo \"error: The sandbox is not in sync with the Podfile.lock. Run 'pod install' or update your CocoaPods installation.\" >&2\n    exit 1\nfi\n# This output is used by Xcode 'outputs' to avoid re-running this script phase.\necho \"SUCCESS\" > \"${SCRIPT_OUTPUT_FILE_0}\"\n";
			showEnvVarsInLog = 0;
		};
		C999268556C5F7DD256F17CE /* [CP] Embed Pods Frameworks */ = {
			isa = PBXShellScriptBuildPhase;
			buildActionMask = 2147483647;
			files = (
			);
			inputFileListPaths = (
				"${PODS_ROOT}/Target Support Files/Pods-UTube-UTubeUITests/Pods-UTube-UTubeUITests-frameworks-${CONFIGURATION}-input-files.xcfilelist",
			);
			name = "[CP] Embed Pods Frameworks";
			outputFileListPaths = (
				"${PODS_ROOT}/Target Support Files/Pods-UTube-UTubeUITests/Pods-UTube-UTubeUITests-frameworks-${CONFIGURATION}-output-files.xcfilelist",
			);
			runOnlyForDeploymentPostprocessing = 0;
			shellPath = /bin/sh;
			shellScript = "\"${PODS_ROOT}/Target Support Files/Pods-UTube-UTubeUITests/Pods-UTube-UTubeUITests-frameworks.sh\"\n";
			showEnvVarsInLog = 0;
		};
		F9F05947BA2064209618A68A /* [CP] Check Pods Manifest.lock */ = {
			isa = PBXShellScriptBuildPhase;
			buildActionMask = 2147483647;
			files = (
			);
			inputFileListPaths = (
			);
			inputPaths = (
				"${PODS_PODFILE_DIR_PATH}/Podfile.lock",
				"${PODS_ROOT}/Manifest.lock",
			);
			name = "[CP] Check Pods Manifest.lock";
			outputFileListPaths = (
			);
			outputPaths = (
				"$(DERIVED_FILE_DIR)/Pods-UTubeTests-checkManifestLockResult.txt",
			);
			runOnlyForDeploymentPostprocessing = 0;
			shellPath = /bin/sh;
			shellScript = "diff \"${PODS_PODFILE_DIR_PATH}/Podfile.lock\" \"${PODS_ROOT}/Manifest.lock\" > /dev/null\nif [ $? != 0 ] ; then\n    # print error to STDERR\n    echo \"error: The sandbox is not in sync with the Podfile.lock. Run 'pod install' or update your CocoaPods installation.\" >&2\n    exit 1\nfi\n# This output is used by Xcode 'outputs' to avoid re-running this script phase.\necho \"SUCCESS\" > \"${SCRIPT_OUTPUT_FILE_0}\"\n";
			showEnvVarsInLog = 0;
		};
/* End PBXShellScriptBuildPhase section */

/* Begin PBXSourcesBuildPhase section */
		B46D03012A445201006BBFA1 /* Sources */ = {
			isa = PBXSourcesBuildPhase;
			buildActionMask = 2147483647;
			files = (
				B45F9C342A4AC0EC005ACE95 /* CacheManager.swift in Sources */,
				B43599222A48532700FF155E /* NetworkConstants.swift in Sources */,
				B4A7068C2A4D1C30003669AC /* DateFormatter.swift in Sources */,
				B46D030D2A445201006BBFA1 /* ViewController.swift in Sources */,
				B43CD1002A4AA49300BA4E2C /* Channel.swift in Sources */,
				B435991C2A477BDF00FF155E /* Video.swift in Sources */,
				B43CD0F92A4A828D00BA4E2C /* VideoTableViewCell.swift in Sources */,
				B46D03092A445201006BBFA1 /* AppDelegate.swift in Sources */,
				B43599242A492D3F00FF155E /* Response.swift in Sources */,
				B435991E2A477DB800FF155E /* Router.swift in Sources */,
				B46D030B2A445201006BBFA1 /* SceneDelegate.swift in Sources */,
				B435991A2A4776A300FF155E /* NetworkConstantsTemplate.swift in Sources */,
				B46D03132A445201006BBFA1 /* UTube.xcdatamodeld in Sources */,
				B43599202A47807800FF155E /* Model.swift in Sources */,
				B45F9C362A4AC6B7005ACE95 /* DetailViewController.swift in Sources */,
			);
			runOnlyForDeploymentPostprocessing = 0;
		};
		B46D031A2A445203006BBFA1 /* Sources */ = {
			isa = PBXSourcesBuildPhase;
			buildActionMask = 2147483647;
			files = (
				B46D03232A445203006BBFA1 /* UTubeTests.swift in Sources */,
			);
			runOnlyForDeploymentPostprocessing = 0;
		};
		B46D03242A445203006BBFA1 /* Sources */ = {
			isa = PBXSourcesBuildPhase;
			buildActionMask = 2147483647;
			files = (
				B46D032F2A445203006BBFA1 /* UTubeUITestsLaunchTests.swift in Sources */,
				B46D032D2A445203006BBFA1 /* UTubeUITests.swift in Sources */,
			);
			runOnlyForDeploymentPostprocessing = 0;
		};
/* End PBXSourcesBuildPhase section */

/* Begin PBXTargetDependency section */
		B46D03202A445203006BBFA1 /* PBXTargetDependency */ = {
			isa = PBXTargetDependency;
			target = B46D03042A445201006BBFA1 /* UTube */;
			targetProxy = B46D031F2A445203006BBFA1 /* PBXContainerItemProxy */;
		};
		B46D032A2A445203006BBFA1 /* PBXTargetDependency */ = {
			isa = PBXTargetDependency;
			target = B46D03042A445201006BBFA1 /* UTube */;
			targetProxy = B46D03292A445203006BBFA1 /* PBXContainerItemProxy */;
		};
/* End PBXTargetDependency section */

/* Begin PBXVariantGroup section */
		B46D030E2A445201006BBFA1 /* Main.storyboard */ = {
			isa = PBXVariantGroup;
			children = (
				B46D030F2A445201006BBFA1 /* Base */,
			);
			name = Main.storyboard;
			sourceTree = "<group>";
		};
		B46D03162A445203006BBFA1 /* LaunchScreen.storyboard */ = {
			isa = PBXVariantGroup;
			children = (
				B46D03172A445203006BBFA1 /* Base */,
			);
			name = LaunchScreen.storyboard;
			sourceTree = "<group>";
		};
/* End PBXVariantGroup section */

/* Begin XCBuildConfiguration section */
		B46D03302A445203006BBFA1 /* Debug */ = {
			isa = XCBuildConfiguration;
			buildSettings = {
				ALWAYS_SEARCH_USER_PATHS = NO;
				CLANG_ANALYZER_NONNULL = YES;
				CLANG_ANALYZER_NUMBER_OBJECT_CONVERSION = YES_AGGRESSIVE;
				CLANG_CXX_LANGUAGE_STANDARD = "gnu++20";
				CLANG_ENABLE_MODULES = YES;
				CLANG_ENABLE_OBJC_ARC = YES;
				CLANG_ENABLE_OBJC_WEAK = YES;
				CLANG_WARN_BLOCK_CAPTURE_AUTORELEASING = YES;
				CLANG_WARN_BOOL_CONVERSION = YES;
				CLANG_WARN_COMMA = YES;
				CLANG_WARN_CONSTANT_CONVERSION = YES;
				CLANG_WARN_DEPRECATED_OBJC_IMPLEMENTATIONS = YES;
				CLANG_WARN_DIRECT_OBJC_ISA_USAGE = YES_ERROR;
				CLANG_WARN_DOCUMENTATION_COMMENTS = YES;
				CLANG_WARN_EMPTY_BODY = YES;
				CLANG_WARN_ENUM_CONVERSION = YES;
				CLANG_WARN_INFINITE_RECURSION = YES;
				CLANG_WARN_INT_CONVERSION = YES;
				CLANG_WARN_NON_LITERAL_NULL_CONVERSION = YES;
				CLANG_WARN_OBJC_IMPLICIT_RETAIN_SELF = YES;
				CLANG_WARN_OBJC_LITERAL_CONVERSION = YES;
				CLANG_WARN_OBJC_ROOT_CLASS = YES_ERROR;
				CLANG_WARN_QUOTED_INCLUDE_IN_FRAMEWORK_HEADER = YES;
				CLANG_WARN_RANGE_LOOP_ANALYSIS = YES;
				CLANG_WARN_STRICT_PROTOTYPES = YES;
				CLANG_WARN_SUSPICIOUS_MOVE = YES;
				CLANG_WARN_UNGUARDED_AVAILABILITY = YES_AGGRESSIVE;
				CLANG_WARN_UNREACHABLE_CODE = YES;
				CLANG_WARN__DUPLICATE_METHOD_MATCH = YES;
				COPY_PHASE_STRIP = NO;
				DEBUG_INFORMATION_FORMAT = dwarf;
				ENABLE_STRICT_OBJC_MSGSEND = YES;
				ENABLE_TESTABILITY = YES;
				GCC_C_LANGUAGE_STANDARD = gnu11;
				GCC_DYNAMIC_NO_PIC = NO;
				GCC_NO_COMMON_BLOCKS = YES;
				GCC_OPTIMIZATION_LEVEL = 0;
				GCC_PREPROCESSOR_DEFINITIONS = (
					"DEBUG=1",
					"$(inherited)",
				);
				GCC_WARN_64_TO_32_BIT_CONVERSION = YES;
				GCC_WARN_ABOUT_RETURN_TYPE = YES_ERROR;
				GCC_WARN_UNDECLARED_SELECTOR = YES;
				GCC_WARN_UNINITIALIZED_AUTOS = YES_AGGRESSIVE;
				GCC_WARN_UNUSED_FUNCTION = YES;
				GCC_WARN_UNUSED_VARIABLE = YES;
				IPHONEOS_DEPLOYMENT_TARGET = 16.1;
				MTL_ENABLE_DEBUG_INFO = INCLUDE_SOURCE;
				MTL_FAST_MATH = YES;
				ONLY_ACTIVE_ARCH = YES;
				SDKROOT = iphoneos;
				SWIFT_ACTIVE_COMPILATION_CONDITIONS = DEBUG;
				SWIFT_OPTIMIZATION_LEVEL = "-Onone";
			};
			name = Debug;
		};
		B46D03312A445203006BBFA1 /* Release */ = {
			isa = XCBuildConfiguration;
			buildSettings = {
				ALWAYS_SEARCH_USER_PATHS = NO;
				CLANG_ANALYZER_NONNULL = YES;
				CLANG_ANALYZER_NUMBER_OBJECT_CONVERSION = YES_AGGRESSIVE;
				CLANG_CXX_LANGUAGE_STANDARD = "gnu++20";
				CLANG_ENABLE_MODULES = YES;
				CLANG_ENABLE_OBJC_ARC = YES;
				CLANG_ENABLE_OBJC_WEAK = YES;
				CLANG_WARN_BLOCK_CAPTURE_AUTORELEASING = YES;
				CLANG_WARN_BOOL_CONVERSION = YES;
				CLANG_WARN_COMMA = YES;
				CLANG_WARN_CONSTANT_CONVERSION = YES;
				CLANG_WARN_DEPRECATED_OBJC_IMPLEMENTATIONS = YES;
				CLANG_WARN_DIRECT_OBJC_ISA_USAGE = YES_ERROR;
				CLANG_WARN_DOCUMENTATION_COMMENTS = YES;
				CLANG_WARN_EMPTY_BODY = YES;
				CLANG_WARN_ENUM_CONVERSION = YES;
				CLANG_WARN_INFINITE_RECURSION = YES;
				CLANG_WARN_INT_CONVERSION = YES;
				CLANG_WARN_NON_LITERAL_NULL_CONVERSION = YES;
				CLANG_WARN_OBJC_IMPLICIT_RETAIN_SELF = YES;
				CLANG_WARN_OBJC_LITERAL_CONVERSION = YES;
				CLANG_WARN_OBJC_ROOT_CLASS = YES_ERROR;
				CLANG_WARN_QUOTED_INCLUDE_IN_FRAMEWORK_HEADER = YES;
				CLANG_WARN_RANGE_LOOP_ANALYSIS = YES;
				CLANG_WARN_STRICT_PROTOTYPES = YES;
				CLANG_WARN_SUSPICIOUS_MOVE = YES;
				CLANG_WARN_UNGUARDED_AVAILABILITY = YES_AGGRESSIVE;
				CLANG_WARN_UNREACHABLE_CODE = YES;
				CLANG_WARN__DUPLICATE_METHOD_MATCH = YES;
				COPY_PHASE_STRIP = NO;
				DEBUG_INFORMATION_FORMAT = "dwarf-with-dsym";
				ENABLE_NS_ASSERTIONS = NO;
				ENABLE_STRICT_OBJC_MSGSEND = YES;
				GCC_C_LANGUAGE_STANDARD = gnu11;
				GCC_NO_COMMON_BLOCKS = YES;
				GCC_WARN_64_TO_32_BIT_CONVERSION = YES;
				GCC_WARN_ABOUT_RETURN_TYPE = YES_ERROR;
				GCC_WARN_UNDECLARED_SELECTOR = YES;
				GCC_WARN_UNINITIALIZED_AUTOS = YES_AGGRESSIVE;
				GCC_WARN_UNUSED_FUNCTION = YES;
				GCC_WARN_UNUSED_VARIABLE = YES;
				IPHONEOS_DEPLOYMENT_TARGET = 16.1;
				MTL_ENABLE_DEBUG_INFO = NO;
				MTL_FAST_MATH = YES;
				SDKROOT = iphoneos;
				SWIFT_COMPILATION_MODE = wholemodule;
				SWIFT_OPTIMIZATION_LEVEL = "-O";
				VALIDATE_PRODUCT = YES;
			};
			name = Release;
		};
		B46D03332A445203006BBFA1 /* Debug */ = {
			isa = XCBuildConfiguration;
			baseConfigurationReference = C24F9763952A7F7EC3A298EC /* Pods-UTube.debug.xcconfig */;
			buildSettings = {
				ASSETCATALOG_COMPILER_APPICON_NAME = AppIcon;
				ASSETCATALOG_COMPILER_GLOBAL_ACCENT_COLOR_NAME = AccentColor;
				CODE_SIGN_STYLE = Automatic;
				CURRENT_PROJECT_VERSION = 1;
				DEVELOPMENT_TEAM = "";
				GENERATE_INFOPLIST_FILE = YES;
				INFOPLIST_FILE = UTube/Info.plist;
				INFOPLIST_KEY_UIApplicationSupportsIndirectInputEvents = YES;
				INFOPLIST_KEY_UILaunchStoryboardName = LaunchScreen;
				INFOPLIST_KEY_UIMainStoryboardFile = Main;
				INFOPLIST_KEY_UISupportedInterfaceOrientations_iPad = "UIInterfaceOrientationPortrait UIInterfaceOrientationPortraitUpsideDown UIInterfaceOrientationLandscapeLeft UIInterfaceOrientationLandscapeRight";
				INFOPLIST_KEY_UISupportedInterfaceOrientations_iPhone = "UIInterfaceOrientationPortrait UIInterfaceOrientationLandscapeLeft UIInterfaceOrientationLandscapeRight";
				LD_RUNPATH_SEARCH_PATHS = (
					"$(inherited)",
					"@executable_path/Frameworks",
				);
				MARKETING_VERSION = 1.0;
				PRODUCT_BUNDLE_IDENTIFIER = com.tanvm.UTube;
				PRODUCT_NAME = "$(TARGET_NAME)";
				SWIFT_EMIT_LOC_STRINGS = YES;
				SWIFT_VERSION = 5.0;
				TARGETED_DEVICE_FAMILY = "1,2";
			};
			name = Debug;
		};
		B46D03342A445203006BBFA1 /* Release */ = {
			isa = XCBuildConfiguration;
			baseConfigurationReference = FFD7958F0DD8ADA1A4DFA7E4 /* Pods-UTube.release.xcconfig */;
			buildSettings = {
				ASSETCATALOG_COMPILER_APPICON_NAME = AppIcon;
				ASSETCATALOG_COMPILER_GLOBAL_ACCENT_COLOR_NAME = AccentColor;
				CODE_SIGN_STYLE = Automatic;
				CURRENT_PROJECT_VERSION = 1;
				DEVELOPMENT_TEAM = "";
				GENERATE_INFOPLIST_FILE = YES;
				INFOPLIST_FILE = UTube/Info.plist;
				INFOPLIST_KEY_UIApplicationSupportsIndirectInputEvents = YES;
				INFOPLIST_KEY_UILaunchStoryboardName = LaunchScreen;
				INFOPLIST_KEY_UIMainStoryboardFile = Main;
				INFOPLIST_KEY_UISupportedInterfaceOrientations_iPad = "UIInterfaceOrientationPortrait UIInterfaceOrientationPortraitUpsideDown UIInterfaceOrientationLandscapeLeft UIInterfaceOrientationLandscapeRight";
				INFOPLIST_KEY_UISupportedInterfaceOrientations_iPhone = "UIInterfaceOrientationPortrait UIInterfaceOrientationLandscapeLeft UIInterfaceOrientationLandscapeRight";
				LD_RUNPATH_SEARCH_PATHS = (
					"$(inherited)",
					"@executable_path/Frameworks",
				);
				MARKETING_VERSION = 1.0;
				PRODUCT_BUNDLE_IDENTIFIER = com.tanvm.UTube;
				PRODUCT_NAME = "$(TARGET_NAME)";
				SWIFT_EMIT_LOC_STRINGS = YES;
				SWIFT_VERSION = 5.0;
				TARGETED_DEVICE_FAMILY = "1,2";
			};
			name = Release;
		};
		B46D03362A445203006BBFA1 /* Debug */ = {
			isa = XCBuildConfiguration;
			baseConfigurationReference = 65DC935406339ABBDFF3FDEC /* Pods-UTubeTests.debug.xcconfig */;
			buildSettings = {
				ALWAYS_EMBED_SWIFT_STANDARD_LIBRARIES = YES;
				BUNDLE_LOADER = "$(TEST_HOST)";
				CODE_SIGN_STYLE = Automatic;
				CURRENT_PROJECT_VERSION = 1;
				GENERATE_INFOPLIST_FILE = YES;
				IPHONEOS_DEPLOYMENT_TARGET = 16.1;
				MARKETING_VERSION = 1.0;
				PRODUCT_BUNDLE_IDENTIFIER = com.tanvm.UTubeTests;
				PRODUCT_NAME = "$(TARGET_NAME)";
				SWIFT_EMIT_LOC_STRINGS = NO;
				SWIFT_VERSION = 5.0;
				TARGETED_DEVICE_FAMILY = "1,2";
				TEST_HOST = "$(BUILT_PRODUCTS_DIR)/UTube.app/$(BUNDLE_EXECUTABLE_FOLDER_PATH)/UTube";
			};
			name = Debug;
		};
		B46D03372A445203006BBFA1 /* Release */ = {
			isa = XCBuildConfiguration;
			baseConfigurationReference = CC74A10B286DE61461809230 /* Pods-UTubeTests.release.xcconfig */;
			buildSettings = {
				ALWAYS_EMBED_SWIFT_STANDARD_LIBRARIES = YES;
				BUNDLE_LOADER = "$(TEST_HOST)";
				CODE_SIGN_STYLE = Automatic;
				CURRENT_PROJECT_VERSION = 1;
				GENERATE_INFOPLIST_FILE = YES;
				IPHONEOS_DEPLOYMENT_TARGET = 16.1;
				MARKETING_VERSION = 1.0;
				PRODUCT_BUNDLE_IDENTIFIER = com.tanvm.UTubeTests;
				PRODUCT_NAME = "$(TARGET_NAME)";
				SWIFT_EMIT_LOC_STRINGS = NO;
				SWIFT_VERSION = 5.0;
				TARGETED_DEVICE_FAMILY = "1,2";
				TEST_HOST = "$(BUILT_PRODUCTS_DIR)/UTube.app/$(BUNDLE_EXECUTABLE_FOLDER_PATH)/UTube";
			};
			name = Release;
		};
		B46D03392A445203006BBFA1 /* Debug */ = {
			isa = XCBuildConfiguration;
			baseConfigurationReference = AB187259A9153EE67B7A9534 /* Pods-UTube-UTubeUITests.debug.xcconfig */;
			buildSettings = {
				ALWAYS_EMBED_SWIFT_STANDARD_LIBRARIES = YES;
				CODE_SIGN_STYLE = Automatic;
				CURRENT_PROJECT_VERSION = 1;
				GENERATE_INFOPLIST_FILE = YES;
				MARKETING_VERSION = 1.0;
				PRODUCT_BUNDLE_IDENTIFIER = com.tanvm.UTubeUITests;
				PRODUCT_NAME = "$(TARGET_NAME)";
				SWIFT_EMIT_LOC_STRINGS = NO;
				SWIFT_VERSION = 5.0;
				TARGETED_DEVICE_FAMILY = "1,2";
				TEST_TARGET_NAME = UTube;
			};
			name = Debug;
		};
		B46D033A2A445203006BBFA1 /* Release */ = {
			isa = XCBuildConfiguration;
			baseConfigurationReference = F70FD23E15CBFD8DD0C5B028 /* Pods-UTube-UTubeUITests.release.xcconfig */;
			buildSettings = {
				ALWAYS_EMBED_SWIFT_STANDARD_LIBRARIES = YES;
				CODE_SIGN_STYLE = Automatic;
				CURRENT_PROJECT_VERSION = 1;
				GENERATE_INFOPLIST_FILE = YES;
				MARKETING_VERSION = 1.0;
				PRODUCT_BUNDLE_IDENTIFIER = com.tanvm.UTubeUITests;
				PRODUCT_NAME = "$(TARGET_NAME)";
				SWIFT_EMIT_LOC_STRINGS = NO;
				SWIFT_VERSION = 5.0;
				TARGETED_DEVICE_FAMILY = "1,2";
				TEST_TARGET_NAME = UTube;
			};
			name = Release;
		};
/* End XCBuildConfiguration section */

/* Begin XCConfigurationList section */
		B46D03002A445201006BBFA1 /* Build configuration list for PBXProject "UTube" */ = {
			isa = XCConfigurationList;
			buildConfigurations = (
				B46D03302A445203006BBFA1 /* Debug */,
				B46D03312A445203006BBFA1 /* Release */,
			);
			defaultConfigurationIsVisible = 0;
			defaultConfigurationName = Release;
		};
		B46D03322A445203006BBFA1 /* Build configuration list for PBXNativeTarget "UTube" */ = {
			isa = XCConfigurationList;
			buildConfigurations = (
				B46D03332A445203006BBFA1 /* Debug */,
				B46D03342A445203006BBFA1 /* Release */,
			);
			defaultConfigurationIsVisible = 0;
			defaultConfigurationName = Release;
		};
		B46D03352A445203006BBFA1 /* Build configuration list for PBXNativeTarget "UTubeTests" */ = {
			isa = XCConfigurationList;
			buildConfigurations = (
				B46D03362A445203006BBFA1 /* Debug */,
				B46D03372A445203006BBFA1 /* Release */,
			);
			defaultConfigurationIsVisible = 0;
			defaultConfigurationName = Release;
		};
		B46D03382A445203006BBFA1 /* Build configuration list for PBXNativeTarget "UTubeUITests" */ = {
			isa = XCConfigurationList;
			buildConfigurations = (
				B46D03392A445203006BBFA1 /* Debug */,
				B46D033A2A445203006BBFA1 /* Release */,
			);
			defaultConfigurationIsVisible = 0;
			defaultConfigurationName = Release;
		};
/* End XCConfigurationList section */

/* Begin XCVersionGroup section */
		B46D03112A445201006BBFA1 /* UTube.xcdatamodeld */ = {
			isa = XCVersionGroup;
			children = (
				B46D03122A445201006BBFA1 /* UTube.xcdatamodel */,
			);
			currentVersion = B46D03122A445201006BBFA1 /* UTube.xcdatamodel */;
			path = UTube.xcdatamodeld;
			sourceTree = "<group>";
			versionGroupType = wrapper.xcdatamodel;
		};
/* End XCVersionGroup section */
	};
	rootObject = B46D02FD2A445201006BBFA1 /* Project object */;
}
