// !$*UTF8*$!
{
	archiveVersion = 1;
	classes = {
	};
	objectVersion = 56;
	objects = {

/* Begin PBXBuildFile section */
		B46D03092A445201006BBFA1 /* AppDelegate.swift in Sources */ = {isa = PBXBuildFile; fileRef = B46D03082A445201006BBFA1 /* AppDelegate.swift */; };
		B46D030B2A445201006BBFA1 /* SceneDelegate.swift in Sources */ = {isa = PBXBuildFile; fileRef = B46D030A2A445201006BBFA1 /* SceneDelegate.swift */; };
		B46D030D2A445201006BBFA1 /* ViewController.swift in Sources */ = {isa = PBXBuildFile; fileRef = B46D030C2A445201006BBFA1 /* ViewController.swift */; };
		B46D03102A445201006BBFA1 /* Main.storyboard in Resources */ = {isa = PBXBuildFile; fileRef = B46D030E2A445201006BBFA1 /* Main.storyboard */; };
		B46D03132A445201006BBFA1 /* UTube.xcdatamodeld in Sources */ = {isa = PBXBuildFile; fileRef = B46D03112A445201006BBFA1 /* UTube.xcdatamodeld */; };
		B46D03152A445203006BBFA1 /* Assets.xcassets in Resources */ = {isa = PBXBuildFile; fileRef = B46D03142A445203006BBFA1 /* Assets.xcassets */; };
		B46D03182A445203006BBFA1 /* LaunchScreen.storyboard in Resources */ = {isa = PBXBuildFile; fileRef = B46D03162A445203006BBFA1 /* LaunchScreen.storyboard */; };
		B46D03232A445203006BBFA1 /* UTubeTests.swift in Sources */ = {isa = PBXBuildFile; fileRef = B46D03222A445203006BBFA1 /* UTubeTests.swift */; };
		B46D032D2A445203006BBFA1 /* UTubeUITests.swift in Sources */ = {isa = PBXBuildFile; fileRef = B46D032C2A445203006BBFA1 /* UTubeUITests.swift */; };
		B46D032F2A445203006BBFA1 /* UTubeUITestsLaunchTests.swift in Sources */ = {isa = PBXBuildFile; fileRef = B46D032E2A445203006BBFA1 /* UTubeUITestsLaunchTests.swift */; };
/* End PBXBuildFile section */

/* Begin PBXContainerItemProxy section */
		B46D031F2A445203006BBFA1 /* PBXContainerItemProxy */ = {
			isa = PBXContainerItemProxy;
			containerPortal = B46D02FD2A445201006BBFA1 /* Project object */;
			proxyType = 1;
			remoteGlobalIDString = B46D03042A445201006BBFA1;
			remoteInfo = UTube;
		};
		B46D03292A445203006BBFA1 /* PBXContainerItemProxy */ = {
			isa = PBXContainerItemProxy;
			containerPortal = B46D02FD2A445201006BBFA1 /* Project object */;
			proxyType = 1;
			remoteGlobalIDString = B46D03042A445201006BBFA1;
			remoteInfo = UTube;
		};
/* End PBXContainerItemProxy section */

/* Begin PBXFileReference section */
		B46D03052A445201006BBFA1 /* UTube.app */ = {isa = PBXFileReference; explicitFileType = wrapper.application; includeInIndex = 0; path = UTube.app; sourceTree = BUILT_PRODUCTS_DIR; };
		B46D03082A445201006BBFA1 /* AppDelegate.swift */ = {isa = PBXFileReference; lastKnownFileType = sourcecode.swift; path = AppDelegate.swift; sourceTree = "<group>"; };
		B46D030A2A445201006BBFA1 /* SceneDelegate.swift */ = {isa = PBXFileReference; lastKnownFileType = sourcecode.swift; path = SceneDelegate.swift; sourceTree = "<group>"; };
		B46D030C2A445201006BBFA1 /* ViewController.swift */ = {isa = PBXFileReference; lastKnownFileType = sourcecode.swift; path = ViewController.swift; sourceTree = "<group>"; };
		B46D030F2A445201006BBFA1 /* Base */ = {isa = PBXFileReference; lastKnownFileType = file.storyboard; name = Base; path = Base.lproj/Main.storyboard; sourceTree = "<group>"; };
		B46D03122A445201006BBFA1 /* UTube.xcdatamodel */ = {isa = PBXFileReference; lastKnownFileType = wrapper.xcdatamodel; path = UTube.xcdatamodel; sourceTree = "<group>"; };
		B46D03142A445203006BBFA1 /* Assets.xcassets */ = {isa = PBXFileReference; lastKnownFileType = folder.assetcatalog; path = Assets.xcassets; sourceTree = "<group>"; };
		B46D03172A445203006BBFA1 /* Base */ = {isa = PBXFileReference; lastKnownFileType = file.storyboard; name = Base; path = Base.lproj/LaunchScreen.storyboard; sourceTree = "<group>"; };
		B46D03192A445203006BBFA1 /* Info.plist */ = {isa = PBXFileReference; lastKnownFileType = text.plist.xml; path = Info.plist; sourceTree = "<group>"; };
		B46D031E2A445203006BBFA1 /* UTubeTests.xctest */ = {isa = PBXFileReference; explicitFileType = wrapper.cfbundle; includeInIndex = 0; path = UTubeTests.xctest; sourceTree = BUILT_PRODUCTS_DIR; };
		B46D03222A445203006BBFA1 /* UTubeTests.swift */ = {isa = PBXFileReference; lastKnownFileType = sourcecode.swift; path = UTubeTests.swift; sourceTree = "<group>"; };
		B46D03282A445203006BBFA1 /* UTubeUITests.xctest */ = {isa = PBXFileReference; explicitFileType = wrapper.cfbundle; includeInIndex = 0; path = UTubeUITests.xctest; sourceTree = BUILT_PRODUCTS_DIR; };
		B46D032C2A445203006BBFA1 /* UTubeUITests.swift */ = {isa = PBXFileReference; lastKnownFileType = sourcecode.swift; path = UTubeUITests.swift; sourceTree = "<group>"; };
		B46D032E2A445203006BBFA1 /* UTubeUITestsLaunchTests.swift */ = {isa = PBXFileReference; lastKnownFileType = sourcecode.swift; path = UTubeUITestsLaunchTests.swift; sourceTree = "<group>"; };
/* End PBXFileReference section */

/* Begin PBXFrameworksBuildPhase section */
		B46D03022A445201006BBFA1 /* Frameworks */ = {
			isa = PBXFrameworksBuildPhase;
			buildActionMask = 2147483647;
			files = (
			);
			runOnlyForDeploymentPostprocessing = 0;
		};
		B46D031B2A445203006BBFA1 /* Frameworks */ = {
			isa = PBXFrameworksBuildPhase;
			buildActionMask = 2147483647;
			files = (
			);
			runOnlyForDeploymentPostprocessing = 0;
		};
		B46D03252A445203006BBFA1 /* Frameworks */ = {
			isa = PBXFrameworksBuildPhase;
			buildActionMask = 2147483647;
			files = (
			);
			runOnlyForDeploymentPostprocessing = 0;
		};
/* End PBXFrameworksBuildPhase section */

/* Begin PBXGroup section */
		B46D02FC2A445201006BBFA1 = {
			isa = PBXGroup;
			children = (
				B46D03072A445201006BBFA1 /* UTube */,
				B46D03212A445203006BBFA1 /* UTubeTests */,
				B46D032B2A445203006BBFA1 /* UTubeUITests */,
				B46D03062A445201006BBFA1 /* Products */,
			);
			sourceTree = "<group>";
		};
		B46D03062A445201006BBFA1 /* Products */ = {
			isa = PBXGroup;
			children = (
				B46D03052A445201006BBFA1 /* UTube.app */,
				B46D031E2A445203006BBFA1 /* UTubeTests.xctest */,
				B46D03282A445203006BBFA1 /* UTubeUITests.xctest */,
			);
			name = Products;
			sourceTree = "<group>";
		};
		B46D03072A445201006BBFA1 /* UTube */ = {
			isa = PBXGroup;
			children = (
				B46D03082A445201006BBFA1 /* AppDelegate.swift */,
				B46D030A2A445201006BBFA1 /* SceneDelegate.swift */,
				B46D030C2A445201006BBFA1 /* ViewController.swift */,
				B46D030E2A445201006BBFA1 /* Main.storyboard */,
				B46D03142A445203006BBFA1 /* Assets.xcassets */,
				B46D03162A445203006BBFA1 /* LaunchScreen.storyboard */,
				B46D03192A445203006BBFA1 /* Info.plist */,
				B46D03112A445201006BBFA1 /* UTube.xcdatamodeld */,
			);
			path = UTube;
			sourceTree = "<group>";
		};
		B46D03212A445203006BBFA1 /* UTubeTests */ = {
			isa = PBXGroup;
			children = (
				B46D03222A445203006BBFA1 /* UTubeTests.swift */,
			);
			path = UTubeTests;
			sourceTree = "<group>";
		};
		B46D032B2A445203006BBFA1 /* UTubeUITests */ = {
			isa = PBXGroup;
			children = (
				B46D032C2A445203006BBFA1 /* UTubeUITests.swift */,
				B46D032E2A445203006BBFA1 /* UTubeUITestsLaunchTests.swift */,
			);
			path = UTubeUITests;
			sourceTree = "<group>";
		};
/* End PBXGroup section */

/* Begin PBXNativeTarget section */
		B46D03042A445201006BBFA1 /* UTube */ = {
			isa = PBXNativeTarget;
			buildConfigurationList = B46D03322A445203006BBFA1 /* Build configuration list for PBXNativeTarget "UTube" */;
			buildPhases = (
				B46D03012A445201006BBFA1 /* Sources */,
				B46D03022A445201006BBFA1 /* Frameworks */,
				B46D03032A445201006BBFA1 /* Resources */,
			);
			buildRules = (
			);
			dependencies = (
			);
			name = UTube;
			productName = UTube;
			productReference = B46D03052A445201006BBFA1 /* UTube.app */;
			productType = "com.apple.product-type.application";
		};
		B46D031D2A445203006BBFA1 /* UTubeTests */ = {
			isa = PBXNativeTarget;
			buildConfigurationList = B46D03352A445203006BBFA1 /* Build configuration list for PBXNativeTarget "UTubeTests" */;
			buildPhases = (
				B46D031A2A445203006BBFA1 /* Sources */,
				B46D031B2A445203006BBFA1 /* Frameworks */,
				B46D031C2A445203006BBFA1 /* Resources */,
			);
			buildRules = (
			);
			dependencies = (
				B46D03202A445203006BBFA1 /* PBXTargetDependency */,
			);
			name = UTubeTests;
			productName = UTubeTests;
			productReference = B46D031E2A445203006BBFA1 /* UTubeTests.xctest */;
			productType = "com.apple.product-type.bundle.unit-test";
		};
		B46D03272A445203006BBFA1 /* UTubeUITests */ = {
			isa = PBXNativeTarget;
			buildConfigurationList = B46D03382A445203006BBFA1 /* Build configuration list for PBXNativeTarget "UTubeUITests" */;
			buildPhases = (
				B46D03242A445203006BBFA1 /* Sources */,
				B46D03252A445203006BBFA1 /* Frameworks */,
				B46D03262A445203006BBFA1 /* Resources */,
			);
			buildRules = (
			);
			dependencies = (
				B46D032A2A445203006BBFA1 /* PBXTargetDependency */,
			);
			name = UTubeUITests;
			productName = UTubeUITests;
			productReference = B46D03282A445203006BBFA1 /* UTubeUITests.xctest */;
			productType = "com.apple.product-type.bundle.ui-testing";
		};
/* End PBXNativeTarget section */

/* Begin PBXProject section */
		B46D02FD2A445201006BBFA1 /* Project object */ = {
			isa = PBXProject;
			attributes = {
				BuildIndependentTargetsInParallel = 1;
				LastSwiftUpdateCheck = 1410;
				LastUpgradeCheck = 1410;
				TargetAttributes = {
					B46D03042A445201006BBFA1 = {
						CreatedOnToolsVersion = 14.1;
					};
					B46D031D2A445203006BBFA1 = {
						CreatedOnToolsVersion = 14.1;
						TestTargetID = B46D03042A445201006BBFA1;
					};
					B46D03272A445203006BBFA1 = {
						CreatedOnToolsVersion = 14.1;
						TestTargetID = B46D03042A445201006BBFA1;
					};
				};
			};
			buildConfigurationList = B46D03002A445201006BBFA1 /* Build configuration list for PBXProject "UTube" */;
			compatibilityVersion = "Xcode 14.0";
			developmentRegion = en;
			hasScannedForEncodings = 0;
			knownRegions = (
				en,
				Base,
			);
			mainGroup = B46D02FC2A445201006BBFA1;
			productRefGroup = B46D03062A445201006BBFA1 /* Products */;
			projectDirPath = "";
			projectRoot = "";
			targets = (
				B46D03042A445201006BBFA1 /* UTube */,
				B46D031D2A445203006BBFA1 /* UTubeTests */,
				B46D03272A445203006BBFA1 /* UTubeUITests */,
			);
		};
/* End PBXProject section */

/* Begin PBXResourcesBuildPhase section */
		B46D03032A445201006BBFA1 /* Resources */ = {
			isa = PBXResourcesBuildPhase;
			buildActionMask = 2147483647;
			files = (
				B46D03182A445203006BBFA1 /* LaunchScreen.storyboard in Resources */,
				B46D03152A445203006BBFA1 /* Assets.xcassets in Resources */,
				B46D03102A445201006BBFA1 /* Main.storyboard in Resources */,
			);
			runOnlyForDeploymentPostprocessing = 0;
		};
		B46D031C2A445203006BBFA1 /* Resources */ = {
			isa = PBXResourcesBuildPhase;
			buildActionMask = 2147483647;
			files = (
			);
			runOnlyForDeploymentPostprocessing = 0;
		};
		B46D03262A445203006BBFA1 /* Resources */ = {
			isa = PBXResourcesBuildPhase;
			buildActionMask = 2147483647;
			files = (
			);
			runOnlyForDeploymentPostprocessing = 0;
		};
/* End PBXResourcesBuildPhase section */

/* Begin PBXSourcesBuildPhase section */
		B46D03012A445201006BBFA1 /* Sources */ = {
			isa = PBXSourcesBuildPhase;
			buildActionMask = 2147483647;
			files = (
				B46D030D2A445201006BBFA1 /* ViewController.swift in Sources */,
				B46D03092A445201006BBFA1 /* AppDelegate.swift in Sources */,
				B46D030B2A445201006BBFA1 /* SceneDelegate.swift in Sources */,
				B46D03132A445201006BBFA1 /* UTube.xcdatamodeld in Sources */,
			);
			runOnlyForDeploymentPostprocessing = 0;
		};
		B46D031A2A445203006BBFA1 /* Sources */ = {
			isa = PBXSourcesBuildPhase;
			buildActionMask = 2147483647;
			files = (
				B46D03232A445203006BBFA1 /* UTubeTests.swift in Sources */,
			);
			runOnlyForDeploymentPostprocessing = 0;
		};
		B46D03242A445203006BBFA1 /* Sources */ = {
			isa = PBXSourcesBuildPhase;
			buildActionMask = 2147483647;
			files = (
				B46D032F2A445203006BBFA1 /* UTubeUITestsLaunchTests.swift in Sources */,
				B46D032D2A445203006BBFA1 /* UTubeUITests.swift in Sources */,
			);
			runOnlyForDeploymentPostprocessing = 0;
		};
/* End PBXSourcesBuildPhase section */

/* Begin PBXTargetDependency section */
		B46D03202A445203006BBFA1 /* PBXTargetDependency */ = {
			isa = PBXTargetDependency;
			target = B46D03042A445201006BBFA1 /* UTube */;
			targetProxy = B46D031F2A445203006BBFA1 /* PBXContainerItemProxy */;
		};
		B46D032A2A445203006BBFA1 /* PBXTargetDependency */ = {
			isa = PBXTargetDependency;
			target = B46D03042A445201006BBFA1 /* UTube */;
			targetProxy = B46D03292A445203006BBFA1 /* PBXContainerItemProxy */;
		};
/* End PBXTargetDependency section */

/* Begin PBXVariantGroup section */
		B46D030E2A445201006BBFA1 /* Main.storyboard */ = {
			isa = PBXVariantGroup;
			children = (
				B46D030F2A445201006BBFA1 /* Base */,
			);
			name = Main.storyboard;
			sourceTree = "<group>";
		};
		B46D03162A445203006BBFA1 /* LaunchScreen.storyboard */ = {
			isa = PBXVariantGroup;
			children = (
				B46D03172A445203006BBFA1 /* Base */,
			);
			name = LaunchScreen.storyboard;
			sourceTree = "<group>";
		};
/* End PBXVariantGroup section */

/* Begin XCBuildConfiguration section */
		B46D03302A445203006BBFA1 /* Debug */ = {
			isa = XCBuildConfiguration;
			buildSettings = {
				ALWAYS_SEARCH_USER_PATHS = NO;
				CLANG_ANALYZER_NONNULL = YES;
				CLANG_ANALYZER_NUMBER_OBJECT_CONVERSION = YES_AGGRESSIVE;
				CLANG_CXX_LANGUAGE_STANDARD = "gnu++20";
				CLANG_ENABLE_MODULES = YES;
				CLANG_ENABLE_OBJC_ARC = YES;
				CLANG_ENABLE_OBJC_WEAK = YES;
				CLANG_WARN_BLOCK_CAPTURE_AUTORELEASING = YES;
				CLANG_WARN_BOOL_CONVERSION = YES;
				CLANG_WARN_COMMA = YES;
				CLANG_WARN_CONSTANT_CONVERSION = YES;
				CLANG_WARN_DEPRECATED_OBJC_IMPLEMENTATIONS = YES;
				CLANG_WARN_DIRECT_OBJC_ISA_USAGE = YES_ERROR;
				CLANG_WARN_DOCUMENTATION_COMMENTS = YES;
				CLANG_WARN_EMPTY_BODY = YES;
				CLANG_WARN_ENUM_CONVERSION = YES;
				CLANG_WARN_INFINITE_RECURSION = YES;
				CLANG_WARN_INT_CONVERSION = YES;
				CLANG_WARN_NON_LITERAL_NULL_CONVERSION = YES;
				CLANG_WARN_OBJC_IMPLICIT_RETAIN_SELF = YES;
				CLANG_WARN_OBJC_LITERAL_CONVERSION = YES;
				CLANG_WARN_OBJC_ROOT_CLASS = YES_ERROR;
				CLANG_WARN_QUOTED_INCLUDE_IN_FRAMEWORK_HEADER = YES;
				CLANG_WARN_RANGE_LOOP_ANALYSIS = YES;
				CLANG_WARN_STRICT_PROTOTYPES = YES;
				CLANG_WARN_SUSPICIOUS_MOVE = YES;
				CLANG_WARN_UNGUARDED_AVAILABILITY = YES_AGGRESSIVE;
				CLANG_WARN_UNREACHABLE_CODE = YES;
				CLANG_WARN__DUPLICATE_METHOD_MATCH = YES;
				COPY_PHASE_STRIP = NO;
				DEBUG_INFORMATION_FORMAT = dwarf;
				ENABLE_STRICT_OBJC_MSGSEND = YES;
				ENABLE_TESTABILITY = YES;
				GCC_C_LANGUAGE_STANDARD = gnu11;
				GCC_DYNAMIC_NO_PIC = NO;
				GCC_NO_COMMON_BLOCKS = YES;
				GCC_OPTIMIZATION_LEVEL = 0;
				GCC_PREPROCESSOR_DEFINITIONS = (
					"DEBUG=1",
					"$(inherited)",
				);
				GCC_WARN_64_TO_32_BIT_CONVERSION = YES;
				GCC_WARN_ABOUT_RETURN_TYPE = YES_ERROR;
				GCC_WARN_UNDECLARED_SELECTOR = YES;
				GCC_WARN_UNINITIALIZED_AUTOS = YES_AGGRESSIVE;
				GCC_WARN_UNUSED_FUNCTION = YES;
				GCC_WARN_UNUSED_VARIABLE = YES;
				IPHONEOS_DEPLOYMENT_TARGET = 16.1;
				MTL_ENABLE_DEBUG_INFO = INCLUDE_SOURCE;
				MTL_FAST_MATH = YES;
				ONLY_ACTIVE_ARCH = YES;
				SDKROOT = iphoneos;
				SWIFT_ACTIVE_COMPILATION_CONDITIONS = DEBUG;
				SWIFT_OPTIMIZATION_LEVEL = "-Onone";
			};
			name = Debug;
		};
		B46D03312A445203006BBFA1 /* Release */ = {
			isa = XCBuildConfiguration;
			buildSettings = {
				ALWAYS_SEARCH_USER_PATHS = NO;
				CLANG_ANALYZER_NONNULL = YES;
				CLANG_ANALYZER_NUMBER_OBJECT_CONVERSION = YES_AGGRESSIVE;
				CLANG_CXX_LANGUAGE_STANDARD = "gnu++20";
				CLANG_ENABLE_MODULES = YES;
				CLANG_ENABLE_OBJC_ARC = YES;
				CLANG_ENABLE_OBJC_WEAK = YES;
				CLANG_WARN_BLOCK_CAPTURE_AUTORELEASING = YES;
				CLANG_WARN_BOOL_CONVERSION = YES;
				CLANG_WARN_COMMA = YES;
				CLANG_WARN_CONSTANT_CONVERSION = YES;
				CLANG_WARN_DEPRECATED_OBJC_IMPLEMENTATIONS = YES;
				CLANG_WARN_DIRECT_OBJC_ISA_USAGE = YES_ERROR;
				CLANG_WARN_DOCUMENTATION_COMMENTS = YES;
				CLANG_WARN_EMPTY_BODY = YES;
				CLANG_WARN_ENUM_CONVERSION = YES;
				CLANG_WARN_INFINITE_RECURSION = YES;
				CLANG_WARN_INT_CONVERSION = YES;
				CLANG_WARN_NON_LITERAL_NULL_CONVERSION = YES;
				CLANG_WARN_OBJC_IMPLICIT_RETAIN_SELF = YES;
				CLANG_WARN_OBJC_LITERAL_CONVERSION = YES;
				CLANG_WARN_OBJC_ROOT_CLASS = YES_ERROR;
				CLANG_WARN_QUOTED_INCLUDE_IN_FRAMEWORK_HEADER = YES;
				CLANG_WARN_RANGE_LOOP_ANALYSIS = YES;
				CLANG_WARN_STRICT_PROTOTYPES = YES;
				CLANG_WARN_SUSPICIOUS_MOVE = YES;
				CLANG_WARN_UNGUARDED_AVAILABILITY = YES_AGGRESSIVE;
				CLANG_WARN_UNREACHABLE_CODE = YES;
				CLANG_WARN__DUPLICATE_METHOD_MATCH = YES;
				COPY_PHASE_STRIP = NO;
				DEBUG_INFORMATION_FORMAT = "dwarf-with-dsym";
				ENABLE_NS_ASSERTIONS = NO;
				ENABLE_STRICT_OBJC_MSGSEND = YES;
				GCC_C_LANGUAGE_STANDARD = gnu11;
				GCC_NO_COMMON_BLOCKS = YES;
				GCC_WARN_64_TO_32_BIT_CONVERSION = YES;
				GCC_WARN_ABOUT_RETURN_TYPE = YES_ERROR;
				GCC_WARN_UNDECLARED_SELECTOR = YES;
				GCC_WARN_UNINITIALIZED_AUTOS = YES_AGGRESSIVE;
				GCC_WARN_UNUSED_FUNCTION = YES;
				GCC_WARN_UNUSED_VARIABLE = YES;
				IPHONEOS_DEPLOYMENT_TARGET = 16.1;
				MTL_ENABLE_DEBUG_INFO = NO;
				MTL_FAST_MATH = YES;
				SDKROOT = iphoneos;
				SWIFT_COMPILATION_MODE = wholemodule;
				SWIFT_OPTIMIZATION_LEVEL = "-O";
				VALIDATE_PRODUCT = YES;
			};
			name = Release;
		};
		B46D03332A445203006BBFA1 /* Debug */ = {
			isa = XCBuildConfiguration;
			buildSettings = {
				ASSETCATALOG_COMPILER_APPICON_NAME = AppIcon;
				ASSETCATALOG_COMPILER_GLOBAL_ACCENT_COLOR_NAME = AccentColor;
				CODE_SIGN_STYLE = Automatic;
				CURRENT_PROJECT_VERSION = 1;
				GENERATE_INFOPLIST_FILE = YES;
				INFOPLIST_FILE = UTube/Info.plist;
				INFOPLIST_KEY_UIApplicationSupportsIndirectInputEvents = YES;
				INFOPLIST_KEY_UILaunchStoryboardName = LaunchScreen;
				INFOPLIST_KEY_UIMainStoryboardFile = Main;
				INFOPLIST_KEY_UISupportedInterfaceOrientations_iPad = "UIInterfaceOrientationPortrait UIInterfaceOrientationPortraitUpsideDown UIInterfaceOrientationLandscapeLeft UIInterfaceOrientationLandscapeRight";
				INFOPLIST_KEY_UISupportedInterfaceOrientations_iPhone = "UIInterfaceOrientationPortrait UIInterfaceOrientationLandscapeLeft UIInterfaceOrientationLandscapeRight";
				LD_RUNPATH_SEARCH_PATHS = (
					"$(inherited)",
					"@executable_path/Frameworks",
				);
				MARKETING_VERSION = 1.0;
				PRODUCT_BUNDLE_IDENTIFIER = com.tanvm.UTube;
				PRODUCT_NAME = "$(TARGET_NAME)";
				SWIFT_EMIT_LOC_STRINGS = YES;
				SWIFT_VERSION = 5.0;
				TARGETED_DEVICE_FAMILY = "1,2";
			};
			name = Debug;
		};
		B46D03342A445203006BBFA1 /* Release */ = {
			isa = XCBuildConfiguration;
			buildSettings = {
				ASSETCATALOG_COMPILER_APPICON_NAME = AppIcon;
				ASSETCATALOG_COMPILER_GLOBAL_ACCENT_COLOR_NAME = AccentColor;
				CODE_SIGN_STYLE = Automatic;
				CURRENT_PROJECT_VERSION = 1;
				GENERATE_INFOPLIST_FILE = YES;
				INFOPLIST_FILE = UTube/Info.plist;
				INFOPLIST_KEY_UIApplicationSupportsIndirectInputEvents = YES;
				INFOPLIST_KEY_UILaunchStoryboardName = LaunchScreen;
				INFOPLIST_KEY_UIMainStoryboardFile = Main;
				INFOPLIST_KEY_UISupportedInterfaceOrientations_iPad = "UIInterfaceOrientationPortrait UIInterfaceOrientationPortraitUpsideDown UIInterfaceOrientationLandscapeLeft UIInterfaceOrientationLandscapeRight";
				INFOPLIST_KEY_UISupportedInterfaceOrientations_iPhone = "UIInterfaceOrientationPortrait UIInterfaceOrientationLandscapeLeft UIInterfaceOrientationLandscapeRight";
				LD_RUNPATH_SEARCH_PATHS = (
					"$(inherited)",
					"@executable_path/Frameworks",
				);
				MARKETING_VERSION = 1.0;
				PRODUCT_BUNDLE_IDENTIFIER = com.tanvm.UTube;
				PRODUCT_NAME = "$(TARGET_NAME)";
				SWIFT_EMIT_LOC_STRINGS = YES;
				SWIFT_VERSION = 5.0;
				TARGETED_DEVICE_FAMILY = "1,2";
			};
			name = Release;
		};
		B46D03362A445203006BBFA1 /* Debug */ = {
			isa = XCBuildConfiguration;
			buildSettings = {
				ALWAYS_EMBED_SWIFT_STANDARD_LIBRARIES = YES;
				BUNDLE_LOADER = "$(TEST_HOST)";
				CODE_SIGN_STYLE = Automatic;
				CURRENT_PROJECT_VERSION = 1;
				GENERATE_INFOPLIST_FILE = YES;
				IPHONEOS_DEPLOYMENT_TARGET = 16.1;
				MARKETING_VERSION = 1.0;
				PRODUCT_BUNDLE_IDENTIFIER = com.tanvm.UTubeTests;
				PRODUCT_NAME = "$(TARGET_NAME)";
				SWIFT_EMIT_LOC_STRINGS = NO;
				SWIFT_VERSION = 5.0;
				TARGETED_DEVICE_FAMILY = "1,2";
				TEST_HOST = "$(BUILT_PRODUCTS_DIR)/UTube.app/$(BUNDLE_EXECUTABLE_FOLDER_PATH)/UTube";
			};
			name = Debug;
		};
		B46D03372A445203006BBFA1 /* Release */ = {
			isa = XCBuildConfiguration;
			buildSettings = {
				ALWAYS_EMBED_SWIFT_STANDARD_LIBRARIES = YES;
				BUNDLE_LOADER = "$(TEST_HOST)";
				CODE_SIGN_STYLE = Automatic;
				CURRENT_PROJECT_VERSION = 1;
				GENERATE_INFOPLIST_FILE = YES;
				IPHONEOS_DEPLOYMENT_TARGET = 16.1;
				MARKETING_VERSION = 1.0;
				PRODUCT_BUNDLE_IDENTIFIER = com.tanvm.UTubeTests;
				PRODUCT_NAME = "$(TARGET_NAME)";
				SWIFT_EMIT_LOC_STRINGS = NO;
				SWIFT_VERSION = 5.0;
				TARGETED_DEVICE_FAMILY = "1,2";
				TEST_HOST = "$(BUILT_PRODUCTS_DIR)/UTube.app/$(BUNDLE_EXECUTABLE_FOLDER_PATH)/UTube";
			};
			name = Release;
		};
		B46D03392A445203006BBFA1 /* Debug */ = {
			isa = XCBuildConfiguration;
			buildSettings = {
				ALWAYS_EMBED_SWIFT_STANDARD_LIBRARIES = YES;
				CODE_SIGN_STYLE = Automatic;
				CURRENT_PROJECT_VERSION = 1;
				GENERATE_INFOPLIST_FILE = YES;
				MARKETING_VERSION = 1.0;
				PRODUCT_BUNDLE_IDENTIFIER = com.tanvm.UTubeUITests;
				PRODUCT_NAME = "$(TARGET_NAME)";
				SWIFT_EMIT_LOC_STRINGS = NO;
				SWIFT_VERSION = 5.0;
				TARGETED_DEVICE_FAMILY = "1,2";
				TEST_TARGET_NAME = UTube;
			};
			name = Debug;
		};
		B46D033A2A445203006BBFA1 /* Release */ = {
			isa = XCBuildConfiguration;
			buildSettings = {
				ALWAYS_EMBED_SWIFT_STANDARD_LIBRARIES = YES;
				CODE_SIGN_STYLE = Automatic;
				CURRENT_PROJECT_VERSION = 1;
				GENERATE_INFOPLIST_FILE = YES;
				MARKETING_VERSION = 1.0;
				PRODUCT_BUNDLE_IDENTIFIER = com.tanvm.UTubeUITests;
				PRODUCT_NAME = "$(TARGET_NAME)";
				SWIFT_EMIT_LOC_STRINGS = NO;
				SWIFT_VERSION = 5.0;
				TARGETED_DEVICE_FAMILY = "1,2";
				TEST_TARGET_NAME = UTube;
			};
			name = Release;
		};
/* End XCBuildConfiguration section */

/* Begin XCConfigurationList section */
		B46D03002A445201006BBFA1 /* Build configuration list for PBXProject "UTube" */ = {
			isa = XCConfigurationList;
			buildConfigurations = (
				B46D03302A445203006BBFA1 /* Debug */,
				B46D03312A445203006BBFA1 /* Release */,
			);
			defaultConfigurationIsVisible = 0;
			defaultConfigurationName = Release;
		};
		B46D03322A445203006BBFA1 /* Build configuration list for PBXNativeTarget "UTube" */ = {
			isa = XCConfigurationList;
			buildConfigurations = (
				B46D03332A445203006BBFA1 /* Debug */,
				B46D03342A445203006BBFA1 /* Release */,
			);
			defaultConfigurationIsVisible = 0;
			defaultConfigurationName = Release;
		};
		B46D03352A445203006BBFA1 /* Build configuration list for PBXNativeTarget "UTubeTests" */ = {
			isa = XCConfigurationList;
			buildConfigurations = (
				B46D03362A445203006BBFA1 /* Debug */,
				B46D03372A445203006BBFA1 /* Release */,
			);
			defaultConfigurationIsVisible = 0;
			defaultConfigurationName = Release;
		};
		B46D03382A445203006BBFA1 /* Build configuration list for PBXNativeTarget "UTubeUITests" */ = {
			isa = XCConfigurationList;
			buildConfigurations = (
				B46D03392A445203006BBFA1 /* Debug */,
				B46D033A2A445203006BBFA1 /* Release */,
			);
			defaultConfigurationIsVisible = 0;
			defaultConfigurationName = Release;
		};
/* End XCConfigurationList section */

/* Begin XCVersionGroup section */
		B46D03112A445201006BBFA1 /* UTube.xcdatamodeld */ = {
			isa = XCVersionGroup;
			children = (
				B46D03122A445201006BBFA1 /* UTube.xcdatamodel */,
			);
			currentVersion = B46D03122A445201006BBFA1 /* UTube.xcdatamodel */;
			path = UTube.xcdatamodeld;
			sourceTree = "<group>";
			versionGroupType = wrapper.xcdatamodel;
		};
/* End XCVersionGroup section */
	};
	rootObject = B46D02FD2A445201006BBFA1 /* Project object */;
}
